// !$*UTF8*$!
{
	archiveVersion = 1;
	classes = {
	};
	objectVersion = 77;
	objects = {

/* Begin PBXBuildFile section */
		48EBB4F411E689DDF9081CE2 /* Pods_DictationEasy.framework in Frameworks */ = {isa = PBXBuildFile; fileRef = 8E5C23613D2AF1DDB4F3AAD0 /* Pods_DictationEasy.framework */; };
		87F206AF2DA2BA1C005F1592 /* UIKit.framework in Frameworks */ = {isa = PBXBuildFile; fileRef = 87F206AE2DA2BA1C005F1592 /* UIKit.framework */; };
		87F206B12DA2BA2B005F1592 /* SwiftUI.framework in Frameworks */ = {isa = PBXBuildFile; fileRef = 87F206B02DA2BA2B005F1592 /* SwiftUI.framework */; };
		87F206B32DA2BA3C005F1592 /* Vision.framework in Frameworks */ = {isa = PBXBuildFile; fileRef = 87F206B22DA2BA3C005F1592 /* Vision.framework */; };
		87F206B52DA2BA48005F1592 /* AVFoundation.framework in Frameworks */ = {isa = PBXBuildFile; fileRef = 87F206B42DA2BA48005F1592 /* AVFoundation.framework */; };
		87F206B72DA2BA5F005F1592 /* PhotosUI.framework in Frameworks */ = {isa = PBXBuildFile; fileRef = 87F206B62DA2BA5F005F1592 /* PhotosUI.framework */; };
/* End PBXBuildFile section */

/* Begin PBXContainerItemProxy section */
		87F206912DA2B935005F1592 /* PBXContainerItemProxy */ = {
			isa = PBXContainerItemProxy;
			containerPortal = 87F206782DA2B933005F1592 /* Project object */;
			proxyType = 1;
			remoteGlobalIDString = 87F2067F2DA2B933005F1592;
			remoteInfo = DictationEasy;
		};
		87F2069B2DA2B935005F1592 /* PBXContainerItemProxy */ = {
			isa = PBXContainerItemProxy;
			containerPortal = 87F206782DA2B933005F1592 /* Project object */;
			proxyType = 1;
			remoteGlobalIDString = 87F2067F2DA2B933005F1592;
			remoteInfo = DictationEasy;
		};
/* End PBXContainerItemProxy section */

/* Begin PBXFileReference section */
		169B41E12BCC7C54311610CD /* Pods-DictationEasy.release.xcconfig */ = {isa = PBXFileReference; includeInIndex = 1; lastKnownFileType = text.xcconfig; name = "Pods-DictationEasy.release.xcconfig"; path = "Target Support Files/Pods-DictationEasy/Pods-DictationEasy.release.xcconfig"; sourceTree = "<group>"; };
		87F206802DA2B933005F1592 /* DictationEasy.app */ = {isa = PBXFileReference; explicitFileType = wrapper.application; includeInIndex = 0; path = DictationEasy.app; sourceTree = BUILT_PRODUCTS_DIR; };
		87F206902DA2B935005F1592 /* DictationEasyTests.xctest */ = {isa = PBXFileReference; explicitFileType = wrapper.cfbundle; includeInIndex = 0; path = DictationEasyTests.xctest; sourceTree = BUILT_PRODUCTS_DIR; };
		87F2069A2DA2B935005F1592 /* DictationEasyUITests.xctest */ = {isa = PBXFileReference; explicitFileType = wrapper.cfbundle; includeInIndex = 0; path = DictationEasyUITests.xctest; sourceTree = BUILT_PRODUCTS_DIR; };
		87F206AE2DA2BA1C005F1592 /* UIKit.framework */ = {isa = PBXFileReference; lastKnownFileType = wrapper.framework; name = UIKit.framework; path = System/Library/Frameworks/UIKit.framework; sourceTree = SDKROOT; };
		87F206B02DA2BA2B005F1592 /* SwiftUI.framework */ = {isa = PBXFileReference; lastKnownFileType = wrapper.framework; name = SwiftUI.framework; path = System/Library/Frameworks/SwiftUI.framework; sourceTree = SDKROOT; };
		87F206B22DA2BA3C005F1592 /* Vision.framework */ = {isa = PBXFileReference; lastKnownFileType = wrapper.framework; name = Vision.framework; path = System/Library/Frameworks/Vision.framework; sourceTree = SDKROOT; };
		87F206B42DA2BA48005F1592 /* AVFoundation.framework */ = {isa = PBXFileReference; lastKnownFileType = wrapper.framework; name = AVFoundation.framework; path = System/Library/Frameworks/AVFoundation.framework; sourceTree = SDKROOT; };
		87F206B62DA2BA5F005F1592 /* PhotosUI.framework */ = {isa = PBXFileReference; lastKnownFileType = wrapper.framework; name = PhotosUI.framework; path = System/Library/Frameworks/PhotosUI.framework; sourceTree = SDKROOT; };
		8E5C23613D2AF1DDB4F3AAD0 /* Pods_DictationEasy.framework */ = {isa = PBXFileReference; explicitFileType = wrapper.framework; includeInIndex = 0; path = Pods_DictationEasy.framework; sourceTree = BUILT_PRODUCTS_DIR; };
		9712A91F5FA86F3EAEC71077 /* Pods-DictationEasy.debug.xcconfig */ = {isa = PBXFileReference; includeInIndex = 1; lastKnownFileType = text.xcconfig; name = "Pods-DictationEasy.debug.xcconfig"; path = "Target Support Files/Pods-DictationEasy/Pods-DictationEasy.debug.xcconfig"; sourceTree = "<group>"; };
/* End PBXFileReference section */

/* Begin PBXFileSystemSynchronizedBuildFileExceptionSet section */
		87F207D02DAA5559005F1592 /* Exceptions for "DictationEasy" folder in "DictationEasy" target */ = {
			isa = PBXFileSystemSynchronizedBuildFileExceptionSet;
			membershipExceptions = (
				Info.plist,
			);
			target = 87F2067F2DA2B933005F1592 /* DictationEasy */;
		};
/* End PBXFileSystemSynchronizedBuildFileExceptionSet section */

/* Begin PBXFileSystemSynchronizedRootGroup section */
		87F206822DA2B933005F1592 /* DictationEasy */ = {
			isa = PBXFileSystemSynchronizedRootGroup;
			exceptions = (
				87F207D02DAA5559005F1592 /* Exceptions for "DictationEasy" folder in "DictationEasy" target */,
			);
			path = DictationEasy;
			sourceTree = "<group>";
		};
		87F206932DA2B935005F1592 /* DictationEasyTests */ = {
			isa = PBXFileSystemSynchronizedRootGroup;
			path = DictationEasyTests;
			sourceTree = "<group>";
		};
		87F2069D2DA2B935005F1592 /* DictationEasyUITests */ = {
			isa = PBXFileSystemSynchronizedRootGroup;
			path = DictationEasyUITests;
			sourceTree = "<group>";
		};
/* End PBXFileSystemSynchronizedRootGroup section */

/* Begin PBXFrameworksBuildPhase section */
		87F2067D2DA2B933005F1592 /* Frameworks */ = {
			isa = PBXFrameworksBuildPhase;
			buildActionMask = 2147483647;
			files = (
				87F206B72DA2BA5F005F1592 /* PhotosUI.framework in Frameworks */,
				87F206B52DA2BA48005F1592 /* AVFoundation.framework in Frameworks */,
				87F206B32DA2BA3C005F1592 /* Vision.framework in Frameworks */,
				87F206B12DA2BA2B005F1592 /* SwiftUI.framework in Frameworks */,
				87F206AF2DA2BA1C005F1592 /* UIKit.framework in Frameworks */,
				48EBB4F411E689DDF9081CE2 /* Pods_DictationEasy.framework in Frameworks */,
			);
			runOnlyForDeploymentPostprocessing = 0;
		};
		87F2068D2DA2B935005F1592 /* Frameworks */ = {
			isa = PBXFrameworksBuildPhase;
			buildActionMask = 2147483647;
			files = (
			);
			runOnlyForDeploymentPostprocessing = 0;
		};
		87F206972DA2B935005F1592 /* Frameworks */ = {
			isa = PBXFrameworksBuildPhase;
			buildActionMask = 2147483647;
			files = (
			);
			runOnlyForDeploymentPostprocessing = 0;
		};
/* End PBXFrameworksBuildPhase section */

/* Begin PBXGroup section */
		87F206772DA2B933005F1592 = {
			isa = PBXGroup;
			children = (
				87F206822DA2B933005F1592 /* DictationEasy */,
				87F206932DA2B935005F1592 /* DictationEasyTests */,
				87F2069D2DA2B935005F1592 /* DictationEasyUITests */,
				87F206AD2DA2BA1C005F1592 /* Frameworks */,
				87F206812DA2B933005F1592 /* Products */,
				9591600D18CA6784D4F93604 /* Pods */,
			);
			sourceTree = "<group>";
		};
		87F206812DA2B933005F1592 /* Products */ = {
			isa = PBXGroup;
			children = (
				87F206802DA2B933005F1592 /* DictationEasy.app */,
				87F206902DA2B935005F1592 /* DictationEasyTests.xctest */,
				87F2069A2DA2B935005F1592 /* DictationEasyUITests.xctest */,
			);
			name = Products;
			sourceTree = "<group>";
		};
		87F206AD2DA2BA1C005F1592 /* Frameworks */ = {
			isa = PBXGroup;
			children = (
				87F206B62DA2BA5F005F1592 /* PhotosUI.framework */,
				87F206B42DA2BA48005F1592 /* AVFoundation.framework */,
				87F206B22DA2BA3C005F1592 /* Vision.framework */,
				87F206B02DA2BA2B005F1592 /* SwiftUI.framework */,
				87F206AE2DA2BA1C005F1592 /* UIKit.framework */,
				8E5C23613D2AF1DDB4F3AAD0 /* Pods_DictationEasy.framework */,
			);
			name = Frameworks;
			sourceTree = "<group>";
		};
		9591600D18CA6784D4F93604 /* Pods */ = {
			isa = PBXGroup;
			children = (
				9712A91F5FA86F3EAEC71077 /* Pods-DictationEasy.debug.xcconfig */,
				169B41E12BCC7C54311610CD /* Pods-DictationEasy.release.xcconfig */,
			);
			path = Pods;
			sourceTree = "<group>";
		};
/* End PBXGroup section */

/* Begin PBXNativeTarget section */
		87F2067F2DA2B933005F1592 /* DictationEasy */ = {
			isa = PBXNativeTarget;
			buildConfigurationList = 87F206A42DA2B935005F1592 /* Build configuration list for PBXNativeTarget "DictationEasy" */;
			buildPhases = (
				0053490809FBE6C3AC0A7252 /* [CP] Check Pods Manifest.lock */,
				87F2067C2DA2B933005F1592 /* Sources */,
				87F2067D2DA2B933005F1592 /* Frameworks */,
				87F2067E2DA2B933005F1592 /* Resources */,
				61384A5030E9D95FA346423F /* [CP] Copy Pods Resources */,
			);
			buildRules = (
			);
			dependencies = (
			);
			fileSystemSynchronizedGroups = (
				87F206822DA2B933005F1592 /* DictationEasy */,
			);
			name = DictationEasy;
			productName = DictationEasy;
			productReference = 87F206802DA2B933005F1592 /* DictationEasy.app */;
			productType = "com.apple.product-type.application";
		};
		87F2068F2DA2B935005F1592 /* DictationEasyTests */ = {
			isa = PBXNativeTarget;
			buildConfigurationList = 87F206A72DA2B935005F1592 /* Build configuration list for PBXNativeTarget "DictationEasyTests" */;
			buildPhases = (
				87F2068C2DA2B935005F1592 /* Sources */,
				87F2068D2DA2B935005F1592 /* Frameworks */,
				87F2068E2DA2B935005F1592 /* Resources */,
			);
			buildRules = (
			);
			dependencies = (
				87F206922DA2B935005F1592 /* PBXTargetDependency */,
			);
			fileSystemSynchronizedGroups = (
				87F206932DA2B935005F1592 /* DictationEasyTests */,
			);
			name = DictationEasyTests;
			productName = DictationEasyTests;
			productReference = 87F206902DA2B935005F1592 /* DictationEasyTests.xctest */;
			productType = "com.apple.product-type.bundle.unit-test";
		};
		87F206992DA2B935005F1592 /* DictationEasyUITests */ = {
			isa = PBXNativeTarget;
			buildConfigurationList = 87F206AA2DA2B935005F1592 /* Build configuration list for PBXNativeTarget "DictationEasyUITests" */;
			buildPhases = (
				87F206962DA2B935005F1592 /* Sources */,
				87F206972DA2B935005F1592 /* Frameworks */,
				87F206982DA2B935005F1592 /* Resources */,
			);
			buildRules = (
			);
			dependencies = (
				87F2069C2DA2B935005F1592 /* PBXTargetDependency */,
			);
			fileSystemSynchronizedGroups = (
				87F2069D2DA2B935005F1592 /* DictationEasyUITests */,
			);
			name = DictationEasyUITests;
			productName = DictationEasyUITests;
			productReference = 87F2069A2DA2B935005F1592 /* DictationEasyUITests.xctest */;
			productType = "com.apple.product-type.bundle.ui-testing";
		};
/* End PBXNativeTarget section */

/* Begin PBXProject section */
		87F206782DA2B933005F1592 /* Project object */ = {
			isa = PBXProject;
			attributes = {
				BuildIndependentTargetsInParallel = 1;
				LastSwiftUpdateCheck = 1620;
				LastUpgradeCheck = 1620;
				TargetAttributes = {
					87F2067F2DA2B933005F1592 = {
						CreatedOnToolsVersion = 16.2;
					};
					87F2068F2DA2B935005F1592 = {
						CreatedOnToolsVersion = 16.2;
						TestTargetID = 87F2067F2DA2B933005F1592;
					};
					87F206992DA2B935005F1592 = {
						CreatedOnToolsVersion = 16.2;
						TestTargetID = 87F2067F2DA2B933005F1592;
					};
				};
			};
			buildConfigurationList = 87F2067B2DA2B933005F1592 /* Build configuration list for PBXProject "DictationEasy" */;
			developmentRegion = en;
			hasScannedForEncodings = 0;
			knownRegions = (
				en,
				Base,
			);
			mainGroup = 87F206772DA2B933005F1592;
			minimizedProjectReferenceProxies = 1;
			preferredProjectObjectVersion = 77;
			productRefGroup = 87F206812DA2B933005F1592 /* Products */;
			projectDirPath = "";
			projectRoot = "";
			targets = (
				87F2067F2DA2B933005F1592 /* DictationEasy */,
				87F2068F2DA2B935005F1592 /* DictationEasyTests */,
				87F206992DA2B935005F1592 /* DictationEasyUITests */,
			);
		};
/* End PBXProject section */

/* Begin PBXResourcesBuildPhase section */
		87F2067E2DA2B933005F1592 /* Resources */ = {
			isa = PBXResourcesBuildPhase;
			buildActionMask = 2147483647;
			files = (
			);
			runOnlyForDeploymentPostprocessing = 0;
		};
		87F2068E2DA2B935005F1592 /* Resources */ = {
			isa = PBXResourcesBuildPhase;
			buildActionMask = 2147483647;
			files = (
			);
			runOnlyForDeploymentPostprocessing = 0;
		};
		87F206982DA2B935005F1592 /* Resources */ = {
			isa = PBXResourcesBuildPhase;
			buildActionMask = 2147483647;
			files = (
			);
			runOnlyForDeploymentPostprocessing = 0;
		};
/* End PBXResourcesBuildPhase section */

/* Begin PBXShellScriptBuildPhase section */
		0053490809FBE6C3AC0A7252 /* [CP] Check Pods Manifest.lock */ = {
			isa = PBXShellScriptBuildPhase;
			buildActionMask = 2147483647;
			files = (
			);
			inputFileListPaths = (
			);
			inputPaths = (
				"${PODS_PODFILE_DIR_PATH}/Podfile.lock",
				"${PODS_ROOT}/Manifest.lock",
			);
			name = "[CP] Check Pods Manifest.lock";
			outputFileListPaths = (
			);
			outputPaths = (
				"$(DERIVED_FILE_DIR)/Pods-DictationEasy-checkManifestLockResult.txt",
			);
			runOnlyForDeploymentPostprocessing = 0;
			shellPath = /bin/sh;
			shellScript = "diff \"${PODS_PODFILE_DIR_PATH}/Podfile.lock\" \"${PODS_ROOT}/Manifest.lock\" > /dev/null\nif [ $? != 0 ] ; then\n    # print error to STDERR\n    echo \"error: The sandbox is not in sync with the Podfile.lock. Run 'pod install' or update your CocoaPods installation.\" >&2\n    exit 1\nfi\n# This output is used by Xcode 'outputs' to avoid re-running this script phase.\necho \"SUCCESS\" > \"${SCRIPT_OUTPUT_FILE_0}\"\n";
			showEnvVarsInLog = 0;
		};
		61384A5030E9D95FA346423F /* [CP] Copy Pods Resources */ = {
			isa = PBXShellScriptBuildPhase;
			buildActionMask = 2147483647;
			files = (
			);
			inputFileListPaths = (
				"${PODS_ROOT}/Target Support Files/Pods-DictationEasy/Pods-DictationEasy-resources-${CONFIGURATION}-input-files.xcfilelist",
			);
			name = "[CP] Copy Pods Resources";
			outputFileListPaths = (
				"${PODS_ROOT}/Target Support Files/Pods-DictationEasy/Pods-DictationEasy-resources-${CONFIGURATION}-output-files.xcfilelist",
			);
			runOnlyForDeploymentPostprocessing = 0;
			shellPath = /bin/sh;
			shellScript = "\"${PODS_ROOT}/Target Support Files/Pods-DictationEasy/Pods-DictationEasy-resources.sh\"\n";
			showEnvVarsInLog = 0;
		};
/* End PBXShellScriptBuildPhase section */

/* Begin PBXSourcesBuildPhase section */
		87F2067C2DA2B933005F1592 /* Sources */ = {
			isa = PBXSourcesBuildPhase;
			buildActionMask = 2147483647;
			files = (
			);
			runOnlyForDeploymentPostprocessing = 0;
		};
		87F2068C2DA2B935005F1592 /* Sources */ = {
			isa = PBXSourcesBuildPhase;
			buildActionMask = 2147483647;
			files = (
			);
			runOnlyForDeploymentPostprocessing = 0;
		};
		87F206962DA2B935005F1592 /* Sources */ = {
			isa = PBXSourcesBuildPhase;
			buildActionMask = 2147483647;
			files = (
			);
			runOnlyForDeploymentPostprocessing = 0;
		};
/* End PBXSourcesBuildPhase section */

/* Begin PBXTargetDependency section */
		87F206922DA2B935005F1592 /* PBXTargetDependency */ = {
			isa = PBXTargetDependency;
			target = 87F2067F2DA2B933005F1592 /* DictationEasy */;
			targetProxy = 87F206912DA2B935005F1592 /* PBXContainerItemProxy */;
		};
		87F2069C2DA2B935005F1592 /* PBXTargetDependency */ = {
			isa = PBXTargetDependency;
			target = 87F2067F2DA2B933005F1592 /* DictationEasy */;
			targetProxy = 87F2069B2DA2B935005F1592 /* PBXContainerItemProxy */;
		};
/* End PBXTargetDependency section */

/* Begin XCBuildConfiguration section */
		87F206A22DA2B935005F1592 /* Debug */ = {
			isa = XCBuildConfiguration;
			buildSettings = {
				ALWAYS_SEARCH_USER_PATHS = NO;
				ASSETCATALOG_COMPILER_GENERATE_SWIFT_ASSET_SYMBOL_EXTENSIONS = YES;
				CLANG_ANALYZER_NONNULL = YES;
				CLANG_ANALYZER_NUMBER_OBJECT_CONVERSION = YES_AGGRESSIVE;
				CLANG_CXX_LANGUAGE_STANDARD = "gnu++20";
				CLANG_ENABLE_MODULES = YES;
				CLANG_ENABLE_OBJC_ARC = YES;
				CLANG_ENABLE_OBJC_WEAK = YES;
				CLANG_WARN_BLOCK_CAPTURE_AUTORELEASING = YES;
				CLANG_WARN_BOOL_CONVERSION = YES;
				CLANG_WARN_COMMA = YES;
				CLANG_WARN_CONSTANT_CONVERSION = YES;
				CLANG_WARN_DEPRECATED_OBJC_IMPLEMENTATIONS = YES;
				CLANG_WARN_DIRECT_OBJC_ISA_USAGE = YES_ERROR;
				CLANG_WARN_DOCUMENTATION_COMMENTS = YES;
				CLANG_WARN_EMPTY_BODY = YES;
				CLANG_WARN_ENUM_CONVERSION = YES;
				CLANG_WARN_INFINITE_RECURSION = YES;
				CLANG_WARN_INT_CONVERSION = YES;
				CLANG_WARN_NON_LITERAL_NULL_CONVERSION = YES;
				CLANG_WARN_OBJC_IMPLICIT_RETAIN_SELF = YES;
				CLANG_WARN_OBJC_LITERAL_CONVERSION = YES;
				CLANG_WARN_OBJC_ROOT_CLASS = YES_ERROR;
				CLANG_WARN_QUOTED_INCLUDE_IN_FRAMEWORK_HEADER = YES;
				CLANG_WARN_RANGE_LOOP_ANALYSIS = YES;
				CLANG_WARN_STRICT_PROTOTYPES = YES;
				CLANG_WARN_SUSPICIOUS_MOVE = YES;
				CLANG_WARN_UNGUARDED_AVAILABILITY = YES_AGGRESSIVE;
				CLANG_WARN_UNREACHABLE_CODE = YES;
				CLANG_WARN__DUPLICATE_METHOD_MATCH = YES;
				COPY_PHASE_STRIP = NO;
				DEBUG_INFORMATION_FORMAT = dwarf;
				ENABLE_STRICT_OBJC_MSGSEND = YES;
				ENABLE_TESTABILITY = YES;
				ENABLE_USER_SCRIPT_SANDBOXING = YES;
				GCC_C_LANGUAGE_STANDARD = gnu17;
				GCC_DYNAMIC_NO_PIC = NO;
				GCC_NO_COMMON_BLOCKS = YES;
				GCC_OPTIMIZATION_LEVEL = 0;
				GCC_PREPROCESSOR_DEFINITIONS = (
					"DEBUG=1",
					"$(inherited)",
				);
				GCC_WARN_64_TO_32_BIT_CONVERSION = YES;
				GCC_WARN_ABOUT_RETURN_TYPE = YES_ERROR;
				GCC_WARN_UNDECLARED_SELECTOR = YES;
				GCC_WARN_UNINITIALIZED_AUTOS = YES_AGGRESSIVE;
				GCC_WARN_UNUSED_FUNCTION = YES;
				GCC_WARN_UNUSED_VARIABLE = YES;
				IPHONEOS_DEPLOYMENT_TARGET = 18.2;
				LOCALIZATION_PREFERS_STRING_CATALOGS = YES;
				MTL_ENABLE_DEBUG_INFO = INCLUDE_SOURCE;
				MTL_FAST_MATH = YES;
				ONLY_ACTIVE_ARCH = YES;
				SDKROOT = iphoneos;
				SWIFT_ACTIVE_COMPILATION_CONDITIONS = "DEBUG $(inherited)";
				SWIFT_OPTIMIZATION_LEVEL = "-Onone";
			};
			name = Debug;
		};
		87F206A32DA2B935005F1592 /* Release */ = {
			isa = XCBuildConfiguration;
			buildSettings = {
				ALWAYS_SEARCH_USER_PATHS = NO;
				ASSETCATALOG_COMPILER_GENERATE_SWIFT_ASSET_SYMBOL_EXTENSIONS = YES;
				CLANG_ANALYZER_NONNULL = YES;
				CLANG_ANALYZER_NUMBER_OBJECT_CONVERSION = YES_AGGRESSIVE;
				CLANG_CXX_LANGUAGE_STANDARD = "gnu++20";
				CLANG_ENABLE_MODULES = YES;
				CLANG_ENABLE_OBJC_ARC = YES;
				CLANG_ENABLE_OBJC_WEAK = YES;
				CLANG_WARN_BLOCK_CAPTURE_AUTORELEASING = YES;
				CLANG_WARN_BOOL_CONVERSION = YES;
				CLANG_WARN_COMMA = YES;
				CLANG_WARN_CONSTANT_CONVERSION = YES;
				CLANG_WARN_DEPRECATED_OBJC_IMPLEMENTATIONS = YES;
				CLANG_WARN_DIRECT_OBJC_ISA_USAGE = YES_ERROR;
				CLANG_WARN_DOCUMENTATION_COMMENTS = YES;
				CLANG_WARN_EMPTY_BODY = YES;
				CLANG_WARN_ENUM_CONVERSION = YES;
				CLANG_WARN_INFINITE_RECURSION = YES;
				CLANG_WARN_INT_CONVERSION = YES;
				CLANG_WARN_NON_LITERAL_NULL_CONVERSION = YES;
				CLANG_WARN_OBJC_IMPLICIT_RETAIN_SELF = YES;
				CLANG_WARN_OBJC_LITERAL_CONVERSION = YES;
				CLANG_WARN_OBJC_ROOT_CLASS = YES_ERROR;
				CLANG_WARN_QUOTED_INCLUDE_IN_FRAMEWORK_HEADER = YES;
				CLANG_WARN_RANGE_LOOP_ANALYSIS = YES;
				CLANG_WARN_STRICT_PROTOTYPES = YES;
				CLANG_WARN_SUSPICIOUS_MOVE = YES;
				CLANG_WARN_UNGUARDED_AVAILABILITY = YES_AGGRESSIVE;
				CLANG_WARN_UNREACHABLE_CODE = YES;
				CLANG_WARN__DUPLICATE_METHOD_MATCH = YES;
				COPY_PHASE_STRIP = NO;
				DEBUG_INFORMATION_FORMAT = "dwarf-with-dsym";
				ENABLE_NS_ASSERTIONS = NO;
				ENABLE_STRICT_OBJC_MSGSEND = YES;
				ENABLE_USER_SCRIPT_SANDBOXING = YES;
				GCC_C_LANGUAGE_STANDARD = gnu17;
				GCC_NO_COMMON_BLOCKS = YES;
				GCC_WARN_64_TO_32_BIT_CONVERSION = YES;
				GCC_WARN_ABOUT_RETURN_TYPE = YES_ERROR;
				GCC_WARN_UNDECLARED_SELECTOR = YES;
				GCC_WARN_UNINITIALIZED_AUTOS = YES_AGGRESSIVE;
				GCC_WARN_UNUSED_FUNCTION = YES;
				GCC_WARN_UNUSED_VARIABLE = YES;
				IPHONEOS_DEPLOYMENT_TARGET = 18.2;
				LOCALIZATION_PREFERS_STRING_CATALOGS = YES;
				MTL_ENABLE_DEBUG_INFO = NO;
				MTL_FAST_MATH = YES;
				SDKROOT = iphoneos;
				SWIFT_COMPILATION_MODE = wholemodule;
				VALIDATE_PRODUCT = YES;
			};
			name = Release;
		};
		87F206A52DA2B935005F1592 /* Debug */ = {
			isa = XCBuildConfiguration;
			baseConfigurationReference = 9712A91F5FA86F3EAEC71077 /* Pods-DictationEasy.debug.xcconfig */;
			buildSettings = {
				ASSETCATALOG_COMPILER_APPICON_NAME = AppIcon;
				ASSETCATALOG_COMPILER_GLOBAL_ACCENT_COLOR_NAME = AccentColor;
				CODE_SIGN_STYLE = Automatic;
				CURRENT_PROJECT_VERSION = 1;
				DEVELOPMENT_ASSET_PATHS = "\"DictationEasy/Preview Content\"";
				ENABLE_PREVIEWS = YES;
				GENERATE_INFOPLIST_FILE = YES;
				INFOPLIST_FILE = DictationEasy/Info.plist;
				INFOPLIST_KEY_LSApplicationCategoryType = "public.app-category.education";
				INFOPLIST_KEY_NSCameraUsageDescription = "DictationEasy needs camera access to take photos and extract text. DictationEasy 需要相機訪問權限以拍攝照片並提取文字。";
				INFOPLIST_KEY_NSPhotoLibraryUsageDescription = "DictationEasy needs photo library access to scan images for text extraction. DictationEasy 需要照片庫訪問權限以掃描圖片進行文字提取。";
				INFOPLIST_KEY_UIApplicationSupportsIndirectInputEvents = YES;
				INFOPLIST_KEY_UILaunchScreen_Generation = YES;
				INFOPLIST_KEY_UISupportedInterfaceOrientations_iPad = "UIInterfaceOrientationPortrait UIInterfaceOrientationPortraitUpsideDown UIInterfaceOrientationLandscapeLeft UIInterfaceOrientationLandscapeRight";
				INFOPLIST_KEY_UISupportedInterfaceOrientations_iPhone = "UIInterfaceOrientationPortrait UIInterfaceOrientationLandscapeLeft UIInterfaceOrientationLandscapeRight";
				IPHONEOS_DEPLOYMENT_TARGET = 16.6;
				LD_RUNPATH_SEARCH_PATHS = (
					"$(inherited)",
					"@executable_path/Frameworks",
				);
				MARKETING_VERSION = 1.0;
				PRODUCT_BUNDLE_IDENTIFIER = com.approaster.DictationEasy;
				PRODUCT_NAME = "$(TARGET_NAME)";
				SUPPORTED_PLATFORMS = "iphoneos iphonesimulator";
				SUPPORTS_MACCATALYST = NO;
				SUPPORTS_MAC_DESIGNED_FOR_IPHONE_IPAD = NO;
				SUPPORTS_XR_DESIGNED_FOR_IPHONE_IPAD = NO;
				SWIFT_EMIT_LOC_STRINGS = YES;
				SWIFT_VERSION = 6.0;
				TARGETED_DEVICE_FAMILY = "1,2";
			};
			name = Debug;
		};
		87F206A62DA2B935005F1592 /* Release */ = {
			isa = XCBuildConfiguration;
			baseConfigurationReference = 169B41E12BCC7C54311610CD /* Pods-DictationEasy.release.xcconfig */;
			buildSettings = {
				ASSETCATALOG_COMPILER_APPICON_NAME = AppIcon;
				ASSETCATALOG_COMPILER_GLOBAL_ACCENT_COLOR_NAME = AccentColor;
				CODE_SIGN_STYLE = Automatic;
				CURRENT_PROJECT_VERSION = 1;
				DEVELOPMENT_ASSET_PATHS = "\"DictationEasy/Preview Content\"";
				ENABLE_PREVIEWS = YES;
				GENERATE_INFOPLIST_FILE = YES;
				INFOPLIST_FILE = DictationEasy/Info.plist;
				INFOPLIST_KEY_LSApplicationCategoryType = "public.app-category.education";
				INFOPLIST_KEY_NSCameraUsageDescription = "DictationEasy needs camera access to take photos and extract text. DictationEasy 需要相機訪問權限以拍攝照片並提取文字。";
				INFOPLIST_KEY_NSPhotoLibraryUsageDescription = "DictationEasy needs photo library access to scan images for text extraction. DictationEasy 需要照片庫訪問權限以掃描圖片進行文字提取。";
				INFOPLIST_KEY_UIApplicationSupportsIndirectInputEvents = YES;
				INFOPLIST_KEY_UILaunchScreen_Generation = YES;
				INFOPLIST_KEY_UISupportedInterfaceOrientations_iPad = "UIInterfaceOrientationPortrait UIInterfaceOrientationPortraitUpsideDown UIInterfaceOrientationLandscapeLeft UIInterfaceOrientationLandscapeRight";
				INFOPLIST_KEY_UISupportedInterfaceOrientations_iPhone = "UIInterfaceOrientationPortrait UIInterfaceOrientationLandscapeLeft UIInterfaceOrientationLandscapeRight";
				IPHONEOS_DEPLOYMENT_TARGET = 16.6;
				LD_RUNPATH_SEARCH_PATHS = (
					"$(inherited)",
					"@executable_path/Frameworks",
				);
				MARKETING_VERSION = 1.0;
				PRODUCT_BUNDLE_IDENTIFIER = com.approaster.DictationEasy;
				PRODUCT_NAME = "$(TARGET_NAME)";
				SUPPORTED_PLATFORMS = "iphoneos iphonesimulator";
				SUPPORTS_MACCATALYST = NO;
				SUPPORTS_MAC_DESIGNED_FOR_IPHONE_IPAD = NO;
				SUPPORTS_XR_DESIGNED_FOR_IPHONE_IPAD = NO;
				SWIFT_EMIT_LOC_STRINGS = YES;
				SWIFT_VERSION = 6.0;
				TARGETED_DEVICE_FAMILY = "1,2";
			};
			name = Release;
		};
		87F206A82DA2B935005F1592 /* Debug */ = {
			isa = XCBuildConfiguration;
			buildSettings = {
				BUNDLE_LOADER = "$(TEST_HOST)";
				CODE_SIGN_STYLE = Automatic;
				CURRENT_PROJECT_VERSION = 1;
				GENERATE_INFOPLIST_FILE = YES;
				IPHONEOS_DEPLOYMENT_TARGET = 18.2;
				MARKETING_VERSION = 1.0;
				PRODUCT_BUNDLE_IDENTIFIER = com.approaster.DictationEasyTests;
				PRODUCT_NAME = "$(TARGET_NAME)";
				SWIFT_EMIT_LOC_STRINGS = NO;
				SWIFT_VERSION = 5.0;
				TARGETED_DEVICE_FAMILY = "1,2";
				TEST_HOST = "$(BUILT_PRODUCTS_DIR)/DictationEasy.app/$(BUNDLE_EXECUTABLE_FOLDER_PATH)/DictationEasy";
			};
			name = Debug;
		};
		87F206A92DA2B935005F1592 /* Release */ = {
			isa = XCBuildConfiguration;
			buildSettings = {
				BUNDLE_LOADER = "$(TEST_HOST)";
				CODE_SIGN_STYLE = Automatic;
				CURRENT_PROJECT_VERSION = 1;
				GENERATE_INFOPLIST_FILE = YES;
				IPHONEOS_DEPLOYMENT_TARGET = 18.2;
				MARKETING_VERSION = 1.0;
				PRODUCT_BUNDLE_IDENTIFIER = com.approaster.DictationEasyTests;
				PRODUCT_NAME = "$(TARGET_NAME)";
				SWIFT_EMIT_LOC_STRINGS = NO;
				SWIFT_VERSION = 5.0;
				TARGETED_DEVICE_FAMILY = "1,2";
				TEST_HOST = "$(BUILT_PRODUCTS_DIR)/DictationEasy.app/$(BUNDLE_EXECUTABLE_FOLDER_PATH)/DictationEasy";
			};
			name = Release;
		};
		87F206AB2DA2B935005F1592 /* Debug */ = {
			isa = XCBuildConfiguration;
			buildSettings = {
				CODE_SIGN_STYLE = Automatic;
				CURRENT_PROJECT_VERSION = 1;
				GENERATE_INFOPLIST_FILE = YES;
				MARKETING_VERSION = 1.0;
				PRODUCT_BUNDLE_IDENTIFIER = com.approaster.DictationEasyUITests;
				PRODUCT_NAME = "$(TARGET_NAME)";
				SWIFT_EMIT_LOC_STRINGS = NO;
				SWIFT_VERSION = 5.0;
				TARGETED_DEVICE_FAMILY = "1,2";
				TEST_TARGET_NAME = DictationEasy;
			};
			name = Debug;
		};
		87F206AC2DA2B935005F1592 /* Release */ = {
			isa = XCBuildConfiguration;
			buildSettings = {
				CODE_SIGN_STYLE = Automatic;
				CURRENT_PROJECT_VERSION = 1;
				GENERATE_INFOPLIST_FILE = YES;
				MARKETING_VERSION = 1.0;
				PRODUCT_BUNDLE_IDENTIFIER = com.approaster.DictationEasyUITests;
				PRODUCT_NAME = "$(TARGET_NAME)";
				SWIFT_EMIT_LOC_STRINGS = NO;
				SWIFT_VERSION = 5.0;
				TARGETED_DEVICE_FAMILY = "1,2";
				TEST_TARGET_NAME = DictationEasy;
			};
			name = Release;
		};
/* End XCBuildConfiguration section */

/* Begin XCConfigurationList section */
		87F2067B2DA2B933005F1592 /* Build configuration list for PBXProject "DictationEasy" */ = {
			isa = XCConfigurationList;
			buildConfigurations = (
				87F206A22DA2B935005F1592 /* Debug */,
				87F206A32DA2B935005F1592 /* Release */,
			);
			defaultConfigurationIsVisible = 0;
			defaultConfigurationName = Release;
		};
		87F206A42DA2B935005F1592 /* Build configuration list for PBXNativeTarget "DictationEasy" */ = {
			isa = XCConfigurationList;
			buildConfigurations = (
				87F206A52DA2B935005F1592 /* Debug */,
				87F206A62DA2B935005F1592 /* Release */,
			);
			defaultConfigurationIsVisible = 0;
			defaultConfigurationName = Release;
		};
		87F206A72DA2B935005F1592 /* Build configuration list for PBXNativeTarget "DictationEasyTests" */ = {
			isa = XCConfigurationList;
			buildConfigurations = (
				87F206A82DA2B935005F1592 /* Debug */,
				87F206A92DA2B935005F1592 /* Release */,
			);
			defaultConfigurationIsVisible = 0;
			defaultConfigurationName = Release;
		};
		87F206AA2DA2B935005F1592 /* Build configuration list for PBXNativeTarget "DictationEasyUITests" */ = {
			isa = XCConfigurationList;
			buildConfigurations = (
				87F206AB2DA2B935005F1592 /* Debug */,
				87F206AC2DA2B935005F1592 /* Release */,
			);
			defaultConfigurationIsVisible = 0;
			defaultConfigurationName = Release;
		};
/* End XCConfigurationList section */
	};
	rootObject = 87F206782DA2B933005F1592 /* Project object */;
}
